
Microsoft Visual Studio Solution File, Format Version 12.00
# Visual Studio Version 17
VisualStudioVersion = 17.9.34622.214
MinimumVisualStudioVersion = 10.0.40219.1
Project("{FAE04EC0-301F-11D3-BF4B-00C04F79EFBC}") = "IdentityServerExample.AuthServer", "IdentityServerExample.AuthServer\IdentityServerExample.AuthServer.csproj", "{AECCD4D7-FE73-4BA3-9818-C80CA8A2CACB}"
EndProject
Project("{FAE04EC0-301F-11D3-BF4B-00C04F79EFBC}") = "IdentityServerExample.Client1", "IdentityServerExample.Client1\IdentityServerExample.Client1.csproj", "{944B846D-01AD-440A-960D-B4C24447E963}"
EndProject
Project("{FAE04EC0-301F-11D3-BF4B-00C04F79EFBC}") = "IdentityServerExample.Client2", "IdentityServerExample.Client2\IdentityServerExample.Client2.csproj", "{D96BEC8C-69E7-4E0F-8540-24866B9CDDD9}"
EndProject
Project("{FAE04EC0-301F-11D3-BF4B-00C04F79EFBC}") = "IdentityServerExample.API1", "IdentityServerExample.API1\IdentityServerExample.API1.csproj", "{89C2F635-F887-4BBF-BB91-B41D4ADEA4A2}"
EndProject
Project("{FAE04EC0-301F-11D3-BF4B-00C04F79EFBC}") = "IdentityServerExample.API2", "IdentityServerExample.API2\IdentityServerExample.API2.csproj", "{D9BF58C0-7AA2-49C2-9779-3BA870045FE9}"
EndProject
Global
	GlobalSection(SolutionConfigurationPlatforms) = preSolution
		Debug|Any CPU = Debug|Any CPU
		Release|Any CPU = Release|Any CPU
	EndGlobalSection
	GlobalSection(ProjectConfigurationPlatforms) = postSolution
		{AECCD4D7-FE73-4BA3-9818-C80CA8A2CACB}.Debug|Any CPU.ActiveCfg = Debug|Any CPU
		{AECCD4D7-FE73-4BA3-9818-C80CA8A2CACB}.Debug|Any CPU.Build.0 = Debug|Any CPU
		{AECCD4D7-FE73-4BA3-9818-C80CA8A2CACB}.Release|Any CPU.ActiveCfg = Release|Any CPU
		{AECCD4D7-FE73-4BA3-9818-C80CA8A2CACB}.Release|Any CPU.Build.0 = Release|Any CPU
		{944B846D-01AD-440A-960D-B4C24447E963}.Debug|Any CPU.ActiveCfg = Debug|Any CPU
		{944B846D-01AD-440A-960D-B4C24447E963}.Debug|Any CPU.Build.0 = Debug|Any CPU
		{944B846D-01AD-440A-960D-B4C24447E963}.Release|Any CPU.ActiveCfg = Release|Any CPU
		{944B846D-01AD-440A-960D-B4C24447E963}.Release|Any CPU.Build.0 = Release|Any CPU
		{D96BEC8C-69E7-4E0F-8540-24866B9CDDD9}.Debug|Any CPU.ActiveCfg = Debug|Any CPU
		{D96BEC8C-69E7-4E0F-8540-24866B9CDDD9}.Debug|Any CPU.Build.0 = Debug|Any CPU
		{D96BEC8C-69E7-4E0F-8540-24866B9CDDD9}.Release|Any CPU.ActiveCfg = Release|Any CPU
		{D96BEC8C-69E7-4E0F-8540-24866B9CDDD9}.Release|Any CPU.Build.0 = Release|Any CPU
		{89C2F635-F887-4BBF-BB91-B41D4ADEA4A2}.Debug|Any CPU.ActiveCfg = Debug|Any CPU
		{89C2F635-F887-4BBF-BB91-B41D4ADEA4A2}.Debug|Any CPU.Build.0 = Debug|Any CPU
		{89C2F635-F887-4BBF-BB91-B41D4ADEA4A2}.Release|Any CPU.ActiveCfg = Release|Any CPU
		{89C2F635-F887-4BBF-BB91-B41D4ADEA4A2}.Release|Any CPU.Build.0 = Release|Any CPU
		{D9BF58C0-7AA2-49C2-9779-3BA870045FE9}.Debug|Any CPU.ActiveCfg = Debug|Any CPU
		{D9BF58C0-7AA2-49C2-9779-3BA870045FE9}.Debug|Any CPU.Build.0 = Debug|Any CPU
		{D9BF58C0-7AA2-49C2-9779-3BA870045FE9}.Release|Any CPU.ActiveCfg = Release|Any CPU
		{D9BF58C0-7AA2-49C2-9779-3BA870045FE9}.Release|Any CPU.Build.0 = Release|Any CPU
	EndGlobalSection
	GlobalSection(SolutionProperties) = preSolution
		HideSolutionNode = FALSE
	EndGlobalSection
	GlobalSection(ExtensibilityGlobals) = postSolution
		SolutionGuid = {564D6F48-6481-40ED-8FFE-E475CF837B65}
	EndGlobalSection
EndGlobal
